
Microsoft Visual Studio Solution File, Format Version 12.00
# Visual Studio Version 17
VisualStudioVersion = 17.5.33530.505
MinimumVisualStudioVersion = 10.0.40219.1
Project("{FAE04EC0-301F-11D3-BF4B-00C04F79EFBC}") = "RecentConsole", "RecentConsole\RecentConsole.csproj", "{19D58608-8646-438C-8E05-0753F467E291}"
EndProject
Global
	GlobalSection(SolutionConfigurationPlatforms) = preSolution
		Debug|Any CPU = Debug|Any CPU
		Release|Any CPU = Release|Any CPU
	EndGlobalSection
	GlobalSection(ProjectConfigurationPlatforms) = postSolution
		{19D58608-8646-438C-8E05-0753F467E291}.Debug|Any CPU.ActiveCfg = Debug|Any CPU
		{19D58608-8646-438C-8E05-0753F467E291}.Debug|Any CPU.Build.0 = Debug|Any CPU
		{19D58608-8646-438C-8E05-0753F467E291}.Release|Any CPU.ActiveCfg = Release|Any CPU
		{19D58608-8646-438C-8E05-0753F467E291}.Release|Any CPU.Build.0 = Release|Any CPU
	EndGlobalSection
	GlobalSection(SolutionProperties) = preSolution
		HideSolutionNode = FALSE
	EndGlobalSection
	GlobalSection(ExtensibilityGlobals) = postSolution
		SolutionGuid = {179497AB-75C2-43CB-AC9E-12E89CCC336C}
	EndGlobalSection
EndGlobal
